
Microsoft Visual Studio Solution File, Format Version 12.00
# Visual Studio Express 2012 for Windows Phone
Project("{FAE04EC0-301F-11D3-BF4B-00C04F79EFBC}") = "NFCReader", "NFCReader\NFCReader.csproj", "{226E3B6A-C7F0-47CC-BD37-87B9E9AD8D9F}"
EndProject
Global
	GlobalSection(SolutionConfigurationPlatforms) = preSolution
		Debug|Any CPU = Debug|Any CPU
		Debug|ARM = Debug|ARM
		Debug|x86 = Debug|x86
		Release|Any CPU = Release|Any CPU
		Release|ARM = Release|ARM
		Release|x86 = Release|x86
	EndGlobalSection
	GlobalSection(ProjectConfigurationPlatforms) = postSolution
		{226E3B6A-C7F0-47CC-BD37-87B9E9AD8D9F}.Debug|Any CPU.ActiveCfg = Debug|Any CPU
		{226E3B6A-C7F0-47CC-BD37-87B9E9AD8D9F}.Debug|Any CPU.Build.0 = Debug|Any CPU
		{226E3B6A-C7F0-47CC-BD37-87B9E9AD8D9F}.Debug|Any CPU.Deploy.0 = Debug|Any CPU
		{226E3B6A-C7F0-47CC-BD37-87B9E9AD8D9F}.Debug|ARM.ActiveCfg = Debug|ARM
		{226E3B6A-C7F0-47CC-BD37-87B9E9AD8D9F}.Debug|ARM.Build.0 = Debug|ARM
		{226E3B6A-C7F0-47CC-BD37-87B9E9AD8D9F}.Debug|ARM.Deploy.0 = Debug|ARM
		{226E3B6A-C7F0-47CC-BD37-87B9E9AD8D9F}.Debug|x86.ActiveCfg = Debug|x86
		{226E3B6A-C7F0-47CC-BD37-87B9E9AD8D9F}.Debug|x86.Build.0 = Debug|x86
		{226E3B6A-C7F0-47CC-BD37-87B9E9AD8D9F}.Debug|x86.Deploy.0 = Debug|x86
		{226E3B6A-C7F0-47CC-BD37-87B9E9AD8D9F}.Release|Any CPU.ActiveCfg = Release|Any CPU
		{226E3B6A-C7F0-47CC-BD37-87B9E9AD8D9F}.Release|Any CPU.Build.0 = Release|Any CPU
		{226E3B6A-C7F0-47CC-BD37-87B9E9AD8D9F}.Release|Any CPU.Deploy.0 = Release|Any CPU
		{226E3B6A-C7F0-47CC-BD37-87B9E9AD8D9F}.Release|ARM.ActiveCfg = Release|ARM
		{226E3B6A-C7F0-47CC-BD37-87B9E9AD8D9F}.Release|ARM.Build.0 = Release|ARM
		{226E3B6A-C7F0-47CC-BD37-87B9E9AD8D9F}.Release|ARM.Deploy.0 = Release|ARM
		{226E3B6A-C7F0-47CC-BD37-87B9E9AD8D9F}.Release|x86.ActiveCfg = Release|x86
		{226E3B6A-C7F0-47CC-BD37-87B9E9AD8D9F}.Release|x86.Build.0 = Release|x86
		{226E3B6A-C7F0-47CC-BD37-87B9E9AD8D9F}.Release|x86.Deploy.0 = Release|x86
	EndGlobalSection
	GlobalSection(SolutionProperties) = preSolution
		HideSolutionNode = FALSE
	EndGlobalSection
EndGlobal
